
Microsoft Visual Studio Solution File, Format Version 12.00
# Visual Studio Version 17
VisualStudioVersion = 17.9.34714.143
MinimumVisualStudioVersion = 10.0.40219.1
Project("{9A19103F-16F7-4668-BE54-9A1E7A4F7556}") = "QuoteSPAWebAPP", "..\QuoteSPAWebAPP\QuoteSPAWebAPP.csproj", "{88CE1975-78D8-41D8-8871-FA97B98BEC54}"
EndProject
Project("{9A19103F-16F7-4668-BE54-9A1E7A4F7556}") = "QuoteAppServer", "QuoteServer\QuoteAppServer.csproj", "{DD7B3AD0-0542-4CCD-824E-351D8A6BB947}"
EndProject
Global
	GlobalSection(SolutionConfigurationPlatforms) = preSolution
		Debug|Any CPU = Debug|Any CPU
		Release|Any CPU = Release|Any CPU
	EndGlobalSection
	GlobalSection(ProjectConfigurationPlatforms) = postSolution
		{88CE1975-78D8-41D8-8871-FA97B98BEC54}.Debug|Any CPU.ActiveCfg = Debug|Any CPU
		{88CE1975-78D8-41D8-8871-FA97B98BEC54}.Debug|Any CPU.Build.0 = Debug|Any CPU
		{88CE1975-78D8-41D8-8871-FA97B98BEC54}.Release|Any CPU.ActiveCfg = Release|Any CPU
		{88CE1975-78D8-41D8-8871-FA97B98BEC54}.Release|Any CPU.Build.0 = Release|Any CPU
		{DD7B3AD0-0542-4CCD-824E-351D8A6BB947}.Debug|Any CPU.ActiveCfg = Debug|Any CPU
		{DD7B3AD0-0542-4CCD-824E-351D8A6BB947}.Debug|Any CPU.Build.0 = Debug|Any CPU
		{DD7B3AD0-0542-4CCD-824E-351D8A6BB947}.Release|Any CPU.ActiveCfg = Release|Any CPU
		{DD7B3AD0-0542-4CCD-824E-351D8A6BB947}.Release|Any CPU.Build.0 = Release|Any CPU
	EndGlobalSection
	GlobalSection(SolutionProperties) = preSolution
		HideSolutionNode = FALSE
	EndGlobalSection
	GlobalSection(ExtensibilityGlobals) = postSolution
		SolutionGuid = {BBB01B12-C9FD-451D-B332-94DAF6B29821}
	EndGlobalSection
EndGlobal
